
Microsoft Visual Studio Solution File, Format Version 12.00
# Visual Studio Version 16
VisualStudioVersion = 16.0.29009.5
MinimumVisualStudioVersion = 10.0.40219.1
Project("{9A19103F-16F7-4668-BE54-9A1E7A4F7556}") = "Slot.Core", "Slot.Core\Slot.Core.csproj", "{21DD82CF-8255-4C14-8280-6D11811EC7AB}"
EndProject
Project("{9A19103F-16F7-4668-BE54-9A1E7A4F7556}") = "Slot.Core.Data", "Slot.Core.Data\Slot.Core.Data.csproj", "{785DE0EE-D188-4E0A-ABFD-8F45AE1D8469}"
EndProject
Project("{9A19103F-16F7-4668-BE54-9A1E7A4F7556}") = "Slot.Core.Modules.Infrastructure", "Slot.Core.Modules.Infrastructure\Slot.Core.Modules.Infrastructure.csproj", "{C7FD463C-1D32-449B-AD79-520006B2C394}"
EndProject
Project("{9A19103F-16F7-4668-BE54-9A1E7A4F7556}") = "Slot.Core.Services", "Slot.Core.Services\Slot.Core.Services.csproj", "{78E29F48-36E2-414C-8B7A-83C47F2A3D8B}"
EndProject
Project("{9A19103F-16F7-4668-BE54-9A1E7A4F7556}") = "Slot.Model", "Slot.Model\Slot.Model.csproj", "{3C7911AD-5530-4A86-BC80-3B0A476BBF5B}"
EndProject
Project("{9A19103F-16F7-4668-BE54-9A1E7A4F7556}") = "Slot.WebApiCore", "Slot.WebApiCore\Slot.WebApiCore.csproj", "{E8BBE179-50B4-4AB9-9298-ECB818AC9085}"
EndProject
Project("{2150E333-8FDC-42A3-9474-1A3956D46DE8}") = "Game Modules", "Game Modules", "{68240CBE-CA2C-4A77-981B-1934C2F6C95E}"
EndProject
Project("{9A19103F-16F7-4668-BE54-9A1E7A4F7556}") = "Slot.Games.Sample", "GameModules\Slot.Games.Sample\Slot.Games.Sample.csproj", "{EBE6364C-744F-4F98-A1AA-161F36F8CBD3}"
EndProject
Project("{9A19103F-16F7-4668-BE54-9A1E7A4F7556}") = "Slot.Games.ReelGems", "GameModules\Slot.Games.ReelGems\Slot.Games.ReelGems.csproj", "{33AA5A2E-9343-4BFC-B825-E747A468248D}"
EndProject
Project("{9A19103F-16F7-4668-BE54-9A1E7A4F7556}") = "Slot.Simulations", "Slot.Simulations\Slot.Simulations.csproj", "{5E74E85F-AFB8-415E-911A-EEC3CC174714}"
EndProject
Project("{9A19103F-16F7-4668-BE54-9A1E7A4F7556}") = "Slot.Games.WuxiaTwisted", "GameModules\Slot.Games.WuxiaTwisted\Slot.Games.WuxiaTwisted.csproj", "{5A14A9B0-29EE-4D11-91CB-FD152D5D55FF}"
EndProject
Project("{2150E333-8FDC-42A3-9474-1A3956D46DE8}") = "Scripts", "Scripts", "{071A6C47-2B27-4F9C-812E-FF5E5354C7C0}"
	ProjectSection(SolutionItems) = preProject
		.env = .env
		azure-pipelines.yml = azure-pipelines.yml
		docker-compose.yml = docker-compose.yml
	EndProjectSection
EndProject
Project("{9A19103F-16F7-4668-BE54-9A1E7A4F7556}") = "Slot.Games.AlchemyReels", "GameModules\Slot.Games.AlchemyReels\Slot.Games.AlchemyReels.csproj", "{F0988B39-E94C-495F-A995-E6E439A730E5}"
EndProject
Project("{9A19103F-16F7-4668-BE54-9A1E7A4F7556}") = "Slot.Games.ChessRoyale", "GameModules\Slot.Games.ChessRoyale\Slot.Games.ChessRoyale.csproj", "{EBAD1112-F1EE-4EAF-8587-69248CE0D888}"
EndProject
Project("{9A19103F-16F7-4668-BE54-9A1E7A4F7556}") = "Slot.UnitTests", "Slot.UnitTests\Slot.UnitTests.csproj", "{0AC088D6-459F-4DA0-B3D6-6463F82C6B81}"
EndProject
Project("{9A19103F-16F7-4668-BE54-9A1E7A4F7556}") = "Slot.Games.Buffalo", "GameModules\Slot.Games.Buffalo\Slot.Games.Buffalo.csproj", "{EFABA52F-19E7-4D89-A154-A4CE3D46C515}"
EndProject
Project("{9A19103F-16F7-4668-BE54-9A1E7A4F7556}") = "Slot.Games.SpaceNeon", "GameModules\Slot.Games.SpaceNeon\Slot.Games.SpaceNeon.csproj", "{88EAFE5C-9520-4586-8FD4-94FD8FAED6A1}"
EndProject
Project("{9A19103F-16F7-4668-BE54-9A1E7A4F7556}") = "Slot.Games.PhantomThief", "GameModules\Slot.Games.PhantomThief\Slot.Games.PhantomThief.csproj", "{30E27A42-DAFF-49C9-BA3F-8F8215E2FCDE}"
EndProject
Project("{9A19103F-16F7-4668-BE54-9A1E7A4F7556}") = "Slot.Games.FountainOfFortune", "GameModules\Slot.Games.FountainOfFortune\Slot.Games.FountainOfFortune.csproj", "{F761CD0E-DA2B-4A81-938A-236C87815032}"
EndProject
Project("{9A19103F-16F7-4668-BE54-9A1E7A4F7556}") = "Slot.BackOffice", "Slot.BackOffice\Slot.BackOffice.csproj", "{AFE64997-4429-4DF3-A5F4-E651489B9DBA}"
EndProject
Project("{9A19103F-16F7-4668-BE54-9A1E7A4F7556}") = "Slot.Games.FaFaZhu", "GameModules\Slot.Games.FaFaZhu\Slot.Games.FaFaZhu.csproj", "{A51D5F52-EB44-4D91-8E89-05F15F0AD394}"
EndProject
Project("{6EC3EE1D-3C4E-46DD-8F32-0CC8E7565705}") = "Slot.Games.Wolves", "GameModules\Slot.Games.Wolves\Slot.Games.Wolves.fsproj", "{CADBD26E-4A36-4250-9AE1-44BB6D9F4EEB}"
EndProject
Project("{9A19103F-16F7-4668-BE54-9A1E7A4F7556}") = "Slot.Games.Panda", "GameModules\Slot.Games.Panda\Slot.Games.Panda.csproj", "{C1670113-FEA2-4765-92D3-5EFD86BA1D2D}"
EndProject
Project("{9A19103F-16F7-4668-BE54-9A1E7A4F7556}") = "Slot.Games.ThreeBeauties", "GameModules\Slot.Games.ThreeBeauties\Slot.Games.ThreeBeauties.csproj", "{FDDB3692-837E-4337-B4D3-2BAD4774307E}"
EndProject
Project("{9A19103F-16F7-4668-BE54-9A1E7A4F7556}") = "Slot.Games.MagicPaper", "GameModules\Slot.Games.MagicPaper\Slot.Games.MagicPaper.csproj", "{846FA165-878E-4BE3-8087-D18765B634E7}"
EndProject
Project("{9A19103F-16F7-4668-BE54-9A1E7A4F7556}") = "Slot.Games.DragonRiches", "GameModules\Slot.Games.DragonRiches\Slot.Games.DragonRiches.csproj", "{F894B191-B8C5-4111-90F4-AC278FF2A706}"
Project("{9A19103F-16F7-4668-BE54-9A1E7A4F7556}") = "Slot.BackOffice.UnitTests", "Slot.BackOffice.UnitTests\Slot.BackOffice.UnitTests.csproj", "{2F9F8F1E-DCF1-483C-9172-88E0B9BE7D46}"
EndProject
Project("{9A19103F-16F7-4668-BE54-9A1E7A4F7556}") = "Slot.Games.PandaWarrior", "GameModules\Slot.Games.PandaWarrior\Slot.Games.PandaWarrior.csproj", "{73FF4524-F958-4B0C-A9EC-DEFA6CD4E336}"
EndProject
Project("{9A19103F-16F7-4668-BE54-9A1E7A4F7556}") = "Slot.Games.DinoAge", "GameModules\Slot.Games.DinoAge\Slot.Games.DinoAge.csproj", "{0878CDA9-D9A7-4660-B64F-DEB8048B726F}"
EndProject
Project("{9A19103F-16F7-4668-BE54-9A1E7A4F7556}") = "Slot.Games.FrostDragon", "GameModules\Slot.Games.FrostDragon\Slot.Games.FrostDragon.csproj", "{A0BA4D4D-4566-4F79-B240-C55822360CE2}"
EndProject
Project("{9A19103F-16F7-4668-BE54-9A1E7A4F7556}") = "Slot.Games.SweetTreats", "GameModules\Slot.Games.SweetTreats\Slot.Games.SweetTreats.csproj", "{A8E3F537-A7E9-41E1-B183-EC5B0526DF67}"
EndProject
Project("{9A19103F-16F7-4668-BE54-9A1E7A4F7556}") = "Slot.Games.LionDance", "GameModules\Slot.Games.LionDance\Slot.Games.LionDance.csproj", "{22539FA4-8DED-4A22-AFA6-6F760AF13A1A}"
EndProject
Project("{9A19103F-16F7-4668-BE54-9A1E7A4F7556}") = "Slot.Games.JewelLand", "GameModules\Slot.Games.JewelLand\Slot.Games.JewelLand.csproj", "{B72FC391-80F7-469D-A925-17ADBED32809}"
EndProject
Project("{9A19103F-16F7-4668-BE54-9A1E7A4F7556}") = "Slot.Games.SevenWonders", "GameModules\Slot.Games.SevenWonders\Slot.Games.SevenWonders.csproj", "{06C1283C-1291-4454-A6C9-51F224973D5A}"
EndProject
Project("{9A19103F-16F7-4668-BE54-9A1E7A4F7556}") = "Slot.Games.GeniesLuck", "GameModules\Slot.Games.GeniesLuck\Slot.Games.GeniesLuck.csproj", "{532DEB4C-BA4A-4F4D-85FA-513F7F19D67F}"
EndProject
Project("{9A19103F-16F7-4668-BE54-9A1E7A4F7556}") = "Slot.Games.FuDaoLe", "GameModules\Slot.Games.FuDaoLe\Slot.Games.FuDaoLe.csproj", "{54B3EE4C-46E2-4737-954A-8A4D18395693}"
EndProject
Project("{6EC3EE1D-3C4E-46DD-8F32-0CC8E7565705}") = "Slot.Games.CaptainRabbit", "GameModules\Slot.Games.CaptainRabbit\Slot.Games.CaptainRabbit.fsproj", "{76C4CFD9-F686-4088-86D3-A83BDF8CBE41}"
EndProject
Project("{9A19103F-16F7-4668-BE54-9A1E7A4F7556}") = "Slot.Games.BikiniBeach", "GameModules\Slot.Games.BikiniBeach\Slot.Games.BikiniBeach.csproj", "{DEEA1A57-4B6B-4189-B09F-18A924322E77}"
EndProject
Project("{9A19103F-16F7-4668-BE54-9A1E7A4F7556}") = "Slot.Games.Cleopatra", "GameModules\Slot.Games.Cleopatra\Slot.Games.Cleopatra.csproj", "{4EF5F38B-CC15-475D-BB04-54EE66F0FD3C}"
EndProject
Project("{9A19103F-16F7-4668-BE54-9A1E7A4F7556}") = "Slot.Games.XuanWuBlessing", "GameModules\Slot.Games.XuanWuBlessing\Slot.Games.XuanWuBlessing.csproj", "{67EA7D2F-AD17-4AC9-A48D-FAE628A76219}"
EndProject
Project("{9A19103F-16F7-4668-BE54-9A1E7A4F7556}") = "Slot.Games.FortunePack", "GameModules\Slot.Games.FortunePack\Slot.Games.FortunePack.csproj", "{94ED5633-BAB0-4811-AB4E-78573D76C47C}"
EndProject
Project("{9A19103F-16F7-4668-BE54-9A1E7A4F7556}") = "Slot.Games.FourGuardians", "GameModules\Slot.Games.FourGuardians\Slot.Games.FourGuardians.csproj", "{7F8C43FE-1A7D-4527-98CC-ABA1ED84BCE3}"
EndProject
Project("{9A19103F-16F7-4668-BE54-9A1E7A4F7556}") = "Slot.Games.NuwaAndTheFiveElements", "GameModules\Slot.Games.NuwaAndTheFiveElements\Slot.Games.NuwaAndTheFiveElements.csproj", "{E1C16757-F61C-41E9-A119-01D4BC532281}"
EndProject
Project("{9A19103F-16F7-4668-BE54-9A1E7A4F7556}") = "Slot.Games.Qixi", "GameModules\Slot.Games.Qixi\Slot.Games.Qixi.csproj", "{D55451A9-F402-4700-9E80-064C7CB0598D}"
EndProject
Global
	GlobalSection(SolutionConfigurationPlatforms) = preSolution
		Aws|Any CPU = Aws|Any CPU
		Debug|Any CPU = Debug|Any CPU
		Production|Any CPU = Production|Any CPU
		Release|Any CPU = Release|Any CPU
		Staging|Any CPU = Staging|Any CPU
		Uat|Any CPU = Uat|Any CPU
	EndGlobalSection
	GlobalSection(ProjectConfigurationPlatforms) = postSolution
		{21DD82CF-8255-4C14-8280-6D11811EC7AB}.Aws|Any CPU.ActiveCfg = Release|Any CPU
		{21DD82CF-8255-4C14-8280-6D11811EC7AB}.Aws|Any CPU.Build.0 = Release|Any CPU
		{21DD82CF-8255-4C14-8280-6D11811EC7AB}.Debug|Any CPU.ActiveCfg = Debug|Any CPU
		{21DD82CF-8255-4C14-8280-6D11811EC7AB}.Debug|Any CPU.Build.0 = Debug|Any CPU
		{21DD82CF-8255-4C14-8280-6D11811EC7AB}.Production|Any CPU.ActiveCfg = Release|Any CPU
		{21DD82CF-8255-4C14-8280-6D11811EC7AB}.Production|Any CPU.Build.0 = Release|Any CPU
		{21DD82CF-8255-4C14-8280-6D11811EC7AB}.Release|Any CPU.ActiveCfg = Release|Any CPU
		{21DD82CF-8255-4C14-8280-6D11811EC7AB}.Release|Any CPU.Build.0 = Release|Any CPU
		{21DD82CF-8255-4C14-8280-6D11811EC7AB}.Staging|Any CPU.ActiveCfg = Release|Any CPU
		{21DD82CF-8255-4C14-8280-6D11811EC7AB}.Staging|Any CPU.Build.0 = Release|Any CPU
		{21DD82CF-8255-4C14-8280-6D11811EC7AB}.Uat|Any CPU.ActiveCfg = Release|Any CPU
		{21DD82CF-8255-4C14-8280-6D11811EC7AB}.Uat|Any CPU.Build.0 = Release|Any CPU
		{785DE0EE-D188-4E0A-ABFD-8F45AE1D8469}.Aws|Any CPU.ActiveCfg = Debug|Any CPU
		{785DE0EE-D188-4E0A-ABFD-8F45AE1D8469}.Aws|Any CPU.Build.0 = Debug|Any CPU
		{785DE0EE-D188-4E0A-ABFD-8F45AE1D8469}.Debug|Any CPU.ActiveCfg = Debug|Any CPU
		{785DE0EE-D188-4E0A-ABFD-8F45AE1D8469}.Debug|Any CPU.Build.0 = Debug|Any CPU
		{785DE0EE-D188-4E0A-ABFD-8F45AE1D8469}.Production|Any CPU.ActiveCfg = Debug|Any CPU
		{785DE0EE-D188-4E0A-ABFD-8F45AE1D8469}.Production|Any CPU.Build.0 = Debug|Any CPU
		{785DE0EE-D188-4E0A-ABFD-8F45AE1D8469}.Release|Any CPU.ActiveCfg = Release|Any CPU
		{785DE0EE-D188-4E0A-ABFD-8F45AE1D8469}.Release|Any CPU.Build.0 = Release|Any CPU
		{785DE0EE-D188-4E0A-ABFD-8F45AE1D8469}.Staging|Any CPU.ActiveCfg = Debug|Any CPU
		{785DE0EE-D188-4E0A-ABFD-8F45AE1D8469}.Staging|Any CPU.Build.0 = Debug|Any CPU
		{785DE0EE-D188-4E0A-ABFD-8F45AE1D8469}.Uat|Any CPU.ActiveCfg = Debug|Any CPU
		{785DE0EE-D188-4E0A-ABFD-8F45AE1D8469}.Uat|Any CPU.Build.0 = Debug|Any CPU
		{C7FD463C-1D32-449B-AD79-520006B2C394}.Aws|Any CPU.ActiveCfg = Release|Any CPU
		{C7FD463C-1D32-449B-AD79-520006B2C394}.Aws|Any CPU.Build.0 = Release|Any CPU
		{C7FD463C-1D32-449B-AD79-520006B2C394}.Debug|Any CPU.ActiveCfg = Debug|Any CPU
		{C7FD463C-1D32-449B-AD79-520006B2C394}.Debug|Any CPU.Build.0 = Debug|Any CPU
		{C7FD463C-1D32-449B-AD79-520006B2C394}.Production|Any CPU.ActiveCfg = Release|Any CPU
		{C7FD463C-1D32-449B-AD79-520006B2C394}.Production|Any CPU.Build.0 = Release|Any CPU
		{C7FD463C-1D32-449B-AD79-520006B2C394}.Release|Any CPU.ActiveCfg = Release|Any CPU
		{C7FD463C-1D32-449B-AD79-520006B2C394}.Release|Any CPU.Build.0 = Release|Any CPU
		{C7FD463C-1D32-449B-AD79-520006B2C394}.Staging|Any CPU.ActiveCfg = Release|Any CPU
		{C7FD463C-1D32-449B-AD79-520006B2C394}.Staging|Any CPU.Build.0 = Release|Any CPU
		{C7FD463C-1D32-449B-AD79-520006B2C394}.Uat|Any CPU.ActiveCfg = Release|Any CPU
		{C7FD463C-1D32-449B-AD79-520006B2C394}.Uat|Any CPU.Build.0 = Release|Any CPU
		{78E29F48-36E2-414C-8B7A-83C47F2A3D8B}.Aws|Any CPU.ActiveCfg = Debug|Any CPU
		{78E29F48-36E2-414C-8B7A-83C47F2A3D8B}.Aws|Any CPU.Build.0 = Debug|Any CPU
		{78E29F48-36E2-414C-8B7A-83C47F2A3D8B}.Debug|Any CPU.ActiveCfg = Debug|Any CPU
		{78E29F48-36E2-414C-8B7A-83C47F2A3D8B}.Debug|Any CPU.Build.0 = Debug|Any CPU
		{78E29F48-36E2-414C-8B7A-83C47F2A3D8B}.Production|Any CPU.ActiveCfg = Debug|Any CPU
		{78E29F48-36E2-414C-8B7A-83C47F2A3D8B}.Production|Any CPU.Build.0 = Debug|Any CPU
		{78E29F48-36E2-414C-8B7A-83C47F2A3D8B}.Release|Any CPU.ActiveCfg = Release|Any CPU
		{78E29F48-36E2-414C-8B7A-83C47F2A3D8B}.Release|Any CPU.Build.0 = Release|Any CPU
		{78E29F48-36E2-414C-8B7A-83C47F2A3D8B}.Staging|Any CPU.ActiveCfg = Debug|Any CPU
		{78E29F48-36E2-414C-8B7A-83C47F2A3D8B}.Staging|Any CPU.Build.0 = Debug|Any CPU
		{78E29F48-36E2-414C-8B7A-83C47F2A3D8B}.Uat|Any CPU.ActiveCfg = Debug|Any CPU
		{78E29F48-36E2-414C-8B7A-83C47F2A3D8B}.Uat|Any CPU.Build.0 = Debug|Any CPU
		{3C7911AD-5530-4A86-BC80-3B0A476BBF5B}.Aws|Any CPU.ActiveCfg = Release|Any CPU
		{3C7911AD-5530-4A86-BC80-3B0A476BBF5B}.Aws|Any CPU.Build.0 = Release|Any CPU
		{3C7911AD-5530-4A86-BC80-3B0A476BBF5B}.Debug|Any CPU.ActiveCfg = Debug|Any CPU
		{3C7911AD-5530-4A86-BC80-3B0A476BBF5B}.Debug|Any CPU.Build.0 = Debug|Any CPU
		{3C7911AD-5530-4A86-BC80-3B0A476BBF5B}.Production|Any CPU.ActiveCfg = Release|Any CPU
		{3C7911AD-5530-4A86-BC80-3B0A476BBF5B}.Production|Any CPU.Build.0 = Release|Any CPU
		{3C7911AD-5530-4A86-BC80-3B0A476BBF5B}.Release|Any CPU.ActiveCfg = Release|Any CPU
		{3C7911AD-5530-4A86-BC80-3B0A476BBF5B}.Release|Any CPU.Build.0 = Release|Any CPU
		{3C7911AD-5530-4A86-BC80-3B0A476BBF5B}.Staging|Any CPU.ActiveCfg = Release|Any CPU
		{3C7911AD-5530-4A86-BC80-3B0A476BBF5B}.Staging|Any CPU.Build.0 = Release|Any CPU
		{3C7911AD-5530-4A86-BC80-3B0A476BBF5B}.Uat|Any CPU.ActiveCfg = Release|Any CPU
		{3C7911AD-5530-4A86-BC80-3B0A476BBF5B}.Uat|Any CPU.Build.0 = Release|Any CPU
		{E8BBE179-50B4-4AB9-9298-ECB818AC9085}.Aws|Any CPU.ActiveCfg = Debug|Any CPU
		{E8BBE179-50B4-4AB9-9298-ECB818AC9085}.Aws|Any CPU.Build.0 = Debug|Any CPU
		{E8BBE179-50B4-4AB9-9298-ECB818AC9085}.Debug|Any CPU.ActiveCfg = Debug|Any CPU
		{E8BBE179-50B4-4AB9-9298-ECB818AC9085}.Debug|Any CPU.Build.0 = Debug|Any CPU
		{E8BBE179-50B4-4AB9-9298-ECB818AC9085}.Production|Any CPU.ActiveCfg = Debug|Any CPU
		{E8BBE179-50B4-4AB9-9298-ECB818AC9085}.Production|Any CPU.Build.0 = Debug|Any CPU
		{E8BBE179-50B4-4AB9-9298-ECB818AC9085}.Release|Any CPU.ActiveCfg = Release|Any CPU
		{E8BBE179-50B4-4AB9-9298-ECB818AC9085}.Release|Any CPU.Build.0 = Release|Any CPU
		{E8BBE179-50B4-4AB9-9298-ECB818AC9085}.Staging|Any CPU.ActiveCfg = Debug|Any CPU
		{E8BBE179-50B4-4AB9-9298-ECB818AC9085}.Staging|Any CPU.Build.0 = Debug|Any CPU
		{E8BBE179-50B4-4AB9-9298-ECB818AC9085}.Uat|Any CPU.ActiveCfg = Debug|Any CPU
		{E8BBE179-50B4-4AB9-9298-ECB818AC9085}.Uat|Any CPU.Build.0 = Debug|Any CPU
		{EBE6364C-744F-4F98-A1AA-161F36F8CBD3}.Aws|Any CPU.ActiveCfg = Debug|Any CPU
		{EBE6364C-744F-4F98-A1AA-161F36F8CBD3}.Aws|Any CPU.Build.0 = Debug|Any CPU
		{EBE6364C-744F-4F98-A1AA-161F36F8CBD3}.Debug|Any CPU.ActiveCfg = Debug|Any CPU
		{EBE6364C-744F-4F98-A1AA-161F36F8CBD3}.Debug|Any CPU.Build.0 = Debug|Any CPU
		{EBE6364C-744F-4F98-A1AA-161F36F8CBD3}.Production|Any CPU.ActiveCfg = Debug|Any CPU
		{EBE6364C-744F-4F98-A1AA-161F36F8CBD3}.Production|Any CPU.Build.0 = Debug|Any CPU
		{EBE6364C-744F-4F98-A1AA-161F36F8CBD3}.Release|Any CPU.ActiveCfg = Release|Any CPU
		{EBE6364C-744F-4F98-A1AA-161F36F8CBD3}.Release|Any CPU.Build.0 = Release|Any CPU
		{EBE6364C-744F-4F98-A1AA-161F36F8CBD3}.Staging|Any CPU.ActiveCfg = Debug|Any CPU
		{EBE6364C-744F-4F98-A1AA-161F36F8CBD3}.Staging|Any CPU.Build.0 = Debug|Any CPU
		{EBE6364C-744F-4F98-A1AA-161F36F8CBD3}.Uat|Any CPU.ActiveCfg = Debug|Any CPU
		{EBE6364C-744F-4F98-A1AA-161F36F8CBD3}.Uat|Any CPU.Build.0 = Debug|Any CPU
		{33AA5A2E-9343-4BFC-B825-E747A468248D}.Aws|Any CPU.ActiveCfg = Debug|Any CPU
		{33AA5A2E-9343-4BFC-B825-E747A468248D}.Aws|Any CPU.Build.0 = Debug|Any CPU
		{33AA5A2E-9343-4BFC-B825-E747A468248D}.Debug|Any CPU.ActiveCfg = Debug|Any CPU
		{33AA5A2E-9343-4BFC-B825-E747A468248D}.Debug|Any CPU.Build.0 = Debug|Any CPU
		{33AA5A2E-9343-4BFC-B825-E747A468248D}.Production|Any CPU.ActiveCfg = Debug|Any CPU
		{33AA5A2E-9343-4BFC-B825-E747A468248D}.Production|Any CPU.Build.0 = Debug|Any CPU
		{33AA5A2E-9343-4BFC-B825-E747A468248D}.Release|Any CPU.ActiveCfg = Release|Any CPU
		{33AA5A2E-9343-4BFC-B825-E747A468248D}.Release|Any CPU.Build.0 = Release|Any CPU
		{33AA5A2E-9343-4BFC-B825-E747A468248D}.Staging|Any CPU.ActiveCfg = Debug|Any CPU
		{33AA5A2E-9343-4BFC-B825-E747A468248D}.Staging|Any CPU.Build.0 = Debug|Any CPU
		{33AA5A2E-9343-4BFC-B825-E747A468248D}.Uat|Any CPU.ActiveCfg = Debug|Any CPU
		{33AA5A2E-9343-4BFC-B825-E747A468248D}.Uat|Any CPU.Build.0 = Debug|Any CPU
		{5E74E85F-AFB8-415E-911A-EEC3CC174714}.Aws|Any CPU.ActiveCfg = Debug|Any CPU
		{5E74E85F-AFB8-415E-911A-EEC3CC174714}.Aws|Any CPU.Build.0 = Debug|Any CPU
		{5E74E85F-AFB8-415E-911A-EEC3CC174714}.Debug|Any CPU.ActiveCfg = Debug|Any CPU
		{5E74E85F-AFB8-415E-911A-EEC3CC174714}.Debug|Any CPU.Build.0 = Debug|Any CPU
		{5E74E85F-AFB8-415E-911A-EEC3CC174714}.Production|Any CPU.ActiveCfg = Debug|Any CPU
		{5E74E85F-AFB8-415E-911A-EEC3CC174714}.Production|Any CPU.Build.0 = Debug|Any CPU
		{5E74E85F-AFB8-415E-911A-EEC3CC174714}.Release|Any CPU.ActiveCfg = Release|Any CPU
		{5E74E85F-AFB8-415E-911A-EEC3CC174714}.Release|Any CPU.Build.0 = Release|Any CPU
		{5E74E85F-AFB8-415E-911A-EEC3CC174714}.Staging|Any CPU.ActiveCfg = Debug|Any CPU
		{5E74E85F-AFB8-415E-911A-EEC3CC174714}.Staging|Any CPU.Build.0 = Debug|Any CPU
		{5E74E85F-AFB8-415E-911A-EEC3CC174714}.Uat|Any CPU.ActiveCfg = Debug|Any CPU
		{5E74E85F-AFB8-415E-911A-EEC3CC174714}.Uat|Any CPU.Build.0 = Debug|Any CPU
		{5A14A9B0-29EE-4D11-91CB-FD152D5D55FF}.Aws|Any CPU.ActiveCfg = Debug|Any CPU
		{5A14A9B0-29EE-4D11-91CB-FD152D5D55FF}.Aws|Any CPU.Build.0 = Debug|Any CPU
		{5A14A9B0-29EE-4D11-91CB-FD152D5D55FF}.Debug|Any CPU.ActiveCfg = Debug|Any CPU
		{5A14A9B0-29EE-4D11-91CB-FD152D5D55FF}.Debug|Any CPU.Build.0 = Debug|Any CPU
		{5A14A9B0-29EE-4D11-91CB-FD152D5D55FF}.Production|Any CPU.ActiveCfg = Debug|Any CPU
		{5A14A9B0-29EE-4D11-91CB-FD152D5D55FF}.Production|Any CPU.Build.0 = Debug|Any CPU
		{5A14A9B0-29EE-4D11-91CB-FD152D5D55FF}.Release|Any CPU.ActiveCfg = Release|Any CPU
		{5A14A9B0-29EE-4D11-91CB-FD152D5D55FF}.Release|Any CPU.Build.0 = Release|Any CPU
		{5A14A9B0-29EE-4D11-91CB-FD152D5D55FF}.Staging|Any CPU.ActiveCfg = Debug|Any CPU
		{5A14A9B0-29EE-4D11-91CB-FD152D5D55FF}.Staging|Any CPU.Build.0 = Debug|Any CPU
		{5A14A9B0-29EE-4D11-91CB-FD152D5D55FF}.Uat|Any CPU.ActiveCfg = Debug|Any CPU
		{5A14A9B0-29EE-4D11-91CB-FD152D5D55FF}.Uat|Any CPU.Build.0 = Debug|Any CPU
		{F0988B39-E94C-495F-A995-E6E439A730E5}.Aws|Any CPU.ActiveCfg = Debug|Any CPU
		{F0988B39-E94C-495F-A995-E6E439A730E5}.Aws|Any CPU.Build.0 = Debug|Any CPU
		{F0988B39-E94C-495F-A995-E6E439A730E5}.Debug|Any CPU.ActiveCfg = Debug|Any CPU
		{F0988B39-E94C-495F-A995-E6E439A730E5}.Debug|Any CPU.Build.0 = Debug|Any CPU
		{F0988B39-E94C-495F-A995-E6E439A730E5}.Production|Any CPU.ActiveCfg = Debug|Any CPU
		{F0988B39-E94C-495F-A995-E6E439A730E5}.Production|Any CPU.Build.0 = Debug|Any CPU
		{F0988B39-E94C-495F-A995-E6E439A730E5}.Release|Any CPU.ActiveCfg = Release|Any CPU
		{F0988B39-E94C-495F-A995-E6E439A730E5}.Release|Any CPU.Build.0 = Release|Any CPU
		{F0988B39-E94C-495F-A995-E6E439A730E5}.Staging|Any CPU.ActiveCfg = Debug|Any CPU
		{F0988B39-E94C-495F-A995-E6E439A730E5}.Staging|Any CPU.Build.0 = Debug|Any CPU
		{F0988B39-E94C-495F-A995-E6E439A730E5}.Uat|Any CPU.ActiveCfg = Debug|Any CPU
		{F0988B39-E94C-495F-A995-E6E439A730E5}.Uat|Any CPU.Build.0 = Debug|Any CPU
		{EBAD1112-F1EE-4EAF-8587-69248CE0D888}.Aws|Any CPU.ActiveCfg = Debug|Any CPU
		{EBAD1112-F1EE-4EAF-8587-69248CE0D888}.Aws|Any CPU.Build.0 = Debug|Any CPU
		{EBAD1112-F1EE-4EAF-8587-69248CE0D888}.Debug|Any CPU.ActiveCfg = Debug|Any CPU
		{EBAD1112-F1EE-4EAF-8587-69248CE0D888}.Debug|Any CPU.Build.0 = Debug|Any CPU
		{EBAD1112-F1EE-4EAF-8587-69248CE0D888}.Production|Any CPU.ActiveCfg = Debug|Any CPU
		{EBAD1112-F1EE-4EAF-8587-69248CE0D888}.Production|Any CPU.Build.0 = Debug|Any CPU
		{EBAD1112-F1EE-4EAF-8587-69248CE0D888}.Release|Any CPU.ActiveCfg = Release|Any CPU
		{EBAD1112-F1EE-4EAF-8587-69248CE0D888}.Release|Any CPU.Build.0 = Release|Any CPU
		{EBAD1112-F1EE-4EAF-8587-69248CE0D888}.Staging|Any CPU.ActiveCfg = Debug|Any CPU
		{EBAD1112-F1EE-4EAF-8587-69248CE0D888}.Staging|Any CPU.Build.0 = Debug|Any CPU
		{EBAD1112-F1EE-4EAF-8587-69248CE0D888}.Uat|Any CPU.ActiveCfg = Debug|Any CPU
		{EBAD1112-F1EE-4EAF-8587-69248CE0D888}.Uat|Any CPU.Build.0 = Debug|Any CPU
		{0AC088D6-459F-4DA0-B3D6-6463F82C6B81}.Aws|Any CPU.ActiveCfg = Debug|Any CPU
		{0AC088D6-459F-4DA0-B3D6-6463F82C6B81}.Aws|Any CPU.Build.0 = Debug|Any CPU
		{0AC088D6-459F-4DA0-B3D6-6463F82C6B81}.Debug|Any CPU.ActiveCfg = Debug|Any CPU
		{0AC088D6-459F-4DA0-B3D6-6463F82C6B81}.Debug|Any CPU.Build.0 = Debug|Any CPU
		{0AC088D6-459F-4DA0-B3D6-6463F82C6B81}.Production|Any CPU.ActiveCfg = Debug|Any CPU
		{0AC088D6-459F-4DA0-B3D6-6463F82C6B81}.Production|Any CPU.Build.0 = Debug|Any CPU
		{0AC088D6-459F-4DA0-B3D6-6463F82C6B81}.Release|Any CPU.ActiveCfg = Release|Any CPU
		{0AC088D6-459F-4DA0-B3D6-6463F82C6B81}.Release|Any CPU.Build.0 = Release|Any CPU
		{0AC088D6-459F-4DA0-B3D6-6463F82C6B81}.Staging|Any CPU.ActiveCfg = Debug|Any CPU
		{0AC088D6-459F-4DA0-B3D6-6463F82C6B81}.Staging|Any CPU.Build.0 = Debug|Any CPU
		{0AC088D6-459F-4DA0-B3D6-6463F82C6B81}.Uat|Any CPU.ActiveCfg = Debug|Any CPU
		{0AC088D6-459F-4DA0-B3D6-6463F82C6B81}.Uat|Any CPU.Build.0 = Debug|Any CPU
		{EFABA52F-19E7-4D89-A154-A4CE3D46C515}.Aws|Any CPU.ActiveCfg = Debug|Any CPU
		{EFABA52F-19E7-4D89-A154-A4CE3D46C515}.Aws|Any CPU.Build.0 = Debug|Any CPU
		{EFABA52F-19E7-4D89-A154-A4CE3D46C515}.Debug|Any CPU.ActiveCfg = Debug|Any CPU
		{EFABA52F-19E7-4D89-A154-A4CE3D46C515}.Debug|Any CPU.Build.0 = Debug|Any CPU
		{EFABA52F-19E7-4D89-A154-A4CE3D46C515}.Production|Any CPU.ActiveCfg = Debug|Any CPU
		{EFABA52F-19E7-4D89-A154-A4CE3D46C515}.Production|Any CPU.Build.0 = Debug|Any CPU
		{EFABA52F-19E7-4D89-A154-A4CE3D46C515}.Release|Any CPU.ActiveCfg = Release|Any CPU
		{EFABA52F-19E7-4D89-A154-A4CE3D46C515}.Release|Any CPU.Build.0 = Release|Any CPU
		{EFABA52F-19E7-4D89-A154-A4CE3D46C515}.Staging|Any CPU.ActiveCfg = Debug|Any CPU
		{EFABA52F-19E7-4D89-A154-A4CE3D46C515}.Staging|Any CPU.Build.0 = Debug|Any CPU
		{EFABA52F-19E7-4D89-A154-A4CE3D46C515}.Uat|Any CPU.ActiveCfg = Debug|Any CPU
		{EFABA52F-19E7-4D89-A154-A4CE3D46C515}.Uat|Any CPU.Build.0 = Debug|Any CPU
		{88EAFE5C-9520-4586-8FD4-94FD8FAED6A1}.Aws|Any CPU.ActiveCfg = Debug|Any CPU
		{88EAFE5C-9520-4586-8FD4-94FD8FAED6A1}.Aws|Any CPU.Build.0 = Debug|Any CPU
		{88EAFE5C-9520-4586-8FD4-94FD8FAED6A1}.Debug|Any CPU.ActiveCfg = Debug|Any CPU
		{88EAFE5C-9520-4586-8FD4-94FD8FAED6A1}.Debug|Any CPU.Build.0 = Debug|Any CPU
		{88EAFE5C-9520-4586-8FD4-94FD8FAED6A1}.Production|Any CPU.ActiveCfg = Debug|Any CPU
		{88EAFE5C-9520-4586-8FD4-94FD8FAED6A1}.Production|Any CPU.Build.0 = Debug|Any CPU
		{88EAFE5C-9520-4586-8FD4-94FD8FAED6A1}.Release|Any CPU.ActiveCfg = Release|Any CPU
		{88EAFE5C-9520-4586-8FD4-94FD8FAED6A1}.Release|Any CPU.Build.0 = Release|Any CPU
		{88EAFE5C-9520-4586-8FD4-94FD8FAED6A1}.Staging|Any CPU.ActiveCfg = Debug|Any CPU
		{88EAFE5C-9520-4586-8FD4-94FD8FAED6A1}.Staging|Any CPU.Build.0 = Debug|Any CPU
		{88EAFE5C-9520-4586-8FD4-94FD8FAED6A1}.Uat|Any CPU.ActiveCfg = Debug|Any CPU
		{88EAFE5C-9520-4586-8FD4-94FD8FAED6A1}.Uat|Any CPU.Build.0 = Debug|Any CPU
		{30E27A42-DAFF-49C9-BA3F-8F8215E2FCDE}.Aws|Any CPU.ActiveCfg = Debug|Any CPU
		{30E27A42-DAFF-49C9-BA3F-8F8215E2FCDE}.Aws|Any CPU.Build.0 = Debug|Any CPU
		{30E27A42-DAFF-49C9-BA3F-8F8215E2FCDE}.Debug|Any CPU.ActiveCfg = Debug|Any CPU
		{30E27A42-DAFF-49C9-BA3F-8F8215E2FCDE}.Debug|Any CPU.Build.0 = Debug|Any CPU
		{30E27A42-DAFF-49C9-BA3F-8F8215E2FCDE}.Production|Any CPU.ActiveCfg = Debug|Any CPU
		{30E27A42-DAFF-49C9-BA3F-8F8215E2FCDE}.Production|Any CPU.Build.0 = Debug|Any CPU
		{30E27A42-DAFF-49C9-BA3F-8F8215E2FCDE}.Release|Any CPU.ActiveCfg = Release|Any CPU
		{30E27A42-DAFF-49C9-BA3F-8F8215E2FCDE}.Release|Any CPU.Build.0 = Release|Any CPU
		{30E27A42-DAFF-49C9-BA3F-8F8215E2FCDE}.Staging|Any CPU.ActiveCfg = Debug|Any CPU
		{30E27A42-DAFF-49C9-BA3F-8F8215E2FCDE}.Staging|Any CPU.Build.0 = Debug|Any CPU
		{30E27A42-DAFF-49C9-BA3F-8F8215E2FCDE}.Uat|Any CPU.ActiveCfg = Debug|Any CPU
		{30E27A42-DAFF-49C9-BA3F-8F8215E2FCDE}.Uat|Any CPU.Build.0 = Debug|Any CPU
		{F761CD0E-DA2B-4A81-938A-236C87815032}.Aws|Any CPU.ActiveCfg = Debug|Any CPU
		{F761CD0E-DA2B-4A81-938A-236C87815032}.Aws|Any CPU.Build.0 = Debug|Any CPU
		{F761CD0E-DA2B-4A81-938A-236C87815032}.Debug|Any CPU.ActiveCfg = Debug|Any CPU
		{F761CD0E-DA2B-4A81-938A-236C87815032}.Debug|Any CPU.Build.0 = Debug|Any CPU
		{F761CD0E-DA2B-4A81-938A-236C87815032}.Production|Any CPU.ActiveCfg = Debug|Any CPU
		{F761CD0E-DA2B-4A81-938A-236C87815032}.Production|Any CPU.Build.0 = Debug|Any CPU
		{F761CD0E-DA2B-4A81-938A-236C87815032}.Release|Any CPU.ActiveCfg = Release|Any CPU
		{F761CD0E-DA2B-4A81-938A-236C87815032}.Release|Any CPU.Build.0 = Release|Any CPU
		{F761CD0E-DA2B-4A81-938A-236C87815032}.Staging|Any CPU.ActiveCfg = Debug|Any CPU
		{F761CD0E-DA2B-4A81-938A-236C87815032}.Staging|Any CPU.Build.0 = Debug|Any CPU
		{F761CD0E-DA2B-4A81-938A-236C87815032}.Uat|Any CPU.ActiveCfg = Debug|Any CPU
		{F761CD0E-DA2B-4A81-938A-236C87815032}.Uat|Any CPU.Build.0 = Debug|Any CPU
		{AFE64997-4429-4DF3-A5F4-E651489B9DBA}.Aws|Any CPU.ActiveCfg = Debug|Any CPU
		{AFE64997-4429-4DF3-A5F4-E651489B9DBA}.Aws|Any CPU.Build.0 = Debug|Any CPU
		{AFE64997-4429-4DF3-A5F4-E651489B9DBA}.Debug|Any CPU.ActiveCfg = Debug|Any CPU
		{AFE64997-4429-4DF3-A5F4-E651489B9DBA}.Debug|Any CPU.Build.0 = Debug|Any CPU
		{AFE64997-4429-4DF3-A5F4-E651489B9DBA}.Production|Any CPU.ActiveCfg = Debug|Any CPU
		{AFE64997-4429-4DF3-A5F4-E651489B9DBA}.Production|Any CPU.Build.0 = Debug|Any CPU
		{AFE64997-4429-4DF3-A5F4-E651489B9DBA}.Release|Any CPU.ActiveCfg = Release|Any CPU
		{AFE64997-4429-4DF3-A5F4-E651489B9DBA}.Release|Any CPU.Build.0 = Release|Any CPU
		{AFE64997-4429-4DF3-A5F4-E651489B9DBA}.Staging|Any CPU.ActiveCfg = Debug|Any CPU
		{AFE64997-4429-4DF3-A5F4-E651489B9DBA}.Staging|Any CPU.Build.0 = Debug|Any CPU
		{AFE64997-4429-4DF3-A5F4-E651489B9DBA}.Uat|Any CPU.ActiveCfg = Debug|Any CPU
		{AFE64997-4429-4DF3-A5F4-E651489B9DBA}.Uat|Any CPU.Build.0 = Debug|Any CPU
		{A51D5F52-EB44-4D91-8E89-05F15F0AD394}.Aws|Any CPU.ActiveCfg = Debug|Any CPU
		{A51D5F52-EB44-4D91-8E89-05F15F0AD394}.Aws|Any CPU.Build.0 = Debug|Any CPU
		{A51D5F52-EB44-4D91-8E89-05F15F0AD394}.Debug|Any CPU.ActiveCfg = Debug|Any CPU
		{A51D5F52-EB44-4D91-8E89-05F15F0AD394}.Debug|Any CPU.Build.0 = Debug|Any CPU
		{A51D5F52-EB44-4D91-8E89-05F15F0AD394}.Production|Any CPU.ActiveCfg = Debug|Any CPU
		{A51D5F52-EB44-4D91-8E89-05F15F0AD394}.Production|Any CPU.Build.0 = Debug|Any CPU
		{A51D5F52-EB44-4D91-8E89-05F15F0AD394}.Release|Any CPU.ActiveCfg = Release|Any CPU
		{A51D5F52-EB44-4D91-8E89-05F15F0AD394}.Release|Any CPU.Build.0 = Release|Any CPU
		{A51D5F52-EB44-4D91-8E89-05F15F0AD394}.Staging|Any CPU.ActiveCfg = Debug|Any CPU
		{A51D5F52-EB44-4D91-8E89-05F15F0AD394}.Staging|Any CPU.Build.0 = Debug|Any CPU
		{A51D5F52-EB44-4D91-8E89-05F15F0AD394}.Uat|Any CPU.ActiveCfg = Debug|Any CPU
		{A51D5F52-EB44-4D91-8E89-05F15F0AD394}.Uat|Any CPU.Build.0 = Debug|Any CPU
		{CADBD26E-4A36-4250-9AE1-44BB6D9F4EEB}.Aws|Any CPU.ActiveCfg = Debug|Any CPU
		{CADBD26E-4A36-4250-9AE1-44BB6D9F4EEB}.Aws|Any CPU.Build.0 = Debug|Any CPU
		{CADBD26E-4A36-4250-9AE1-44BB6D9F4EEB}.Debug|Any CPU.ActiveCfg = Debug|Any CPU
		{CADBD26E-4A36-4250-9AE1-44BB6D9F4EEB}.Debug|Any CPU.Build.0 = Debug|Any CPU
		{CADBD26E-4A36-4250-9AE1-44BB6D9F4EEB}.Production|Any CPU.ActiveCfg = Debug|Any CPU
		{CADBD26E-4A36-4250-9AE1-44BB6D9F4EEB}.Production|Any CPU.Build.0 = Debug|Any CPU
		{CADBD26E-4A36-4250-9AE1-44BB6D9F4EEB}.Release|Any CPU.ActiveCfg = Release|Any CPU
		{CADBD26E-4A36-4250-9AE1-44BB6D9F4EEB}.Release|Any CPU.Build.0 = Release|Any CPU
		{CADBD26E-4A36-4250-9AE1-44BB6D9F4EEB}.Staging|Any CPU.ActiveCfg = Debug|Any CPU
		{CADBD26E-4A36-4250-9AE1-44BB6D9F4EEB}.Staging|Any CPU.Build.0 = Debug|Any CPU
		{CADBD26E-4A36-4250-9AE1-44BB6D9F4EEB}.Uat|Any CPU.ActiveCfg = Debug|Any CPU
		{CADBD26E-4A36-4250-9AE1-44BB6D9F4EEB}.Uat|Any CPU.Build.0 = Debug|Any CPU
		{C1670113-FEA2-4765-92D3-5EFD86BA1D2D}.Aws|Any CPU.ActiveCfg = Debug|Any CPU
		{C1670113-FEA2-4765-92D3-5EFD86BA1D2D}.Aws|Any CPU.Build.0 = Debug|Any CPU
		{C1670113-FEA2-4765-92D3-5EFD86BA1D2D}.Debug|Any CPU.ActiveCfg = Debug|Any CPU
		{C1670113-FEA2-4765-92D3-5EFD86BA1D2D}.Debug|Any CPU.Build.0 = Debug|Any CPU
		{C1670113-FEA2-4765-92D3-5EFD86BA1D2D}.Production|Any CPU.ActiveCfg = Debug|Any CPU
		{C1670113-FEA2-4765-92D3-5EFD86BA1D2D}.Production|Any CPU.Build.0 = Debug|Any CPU
		{C1670113-FEA2-4765-92D3-5EFD86BA1D2D}.Release|Any CPU.ActiveCfg = Release|Any CPU
		{C1670113-FEA2-4765-92D3-5EFD86BA1D2D}.Release|Any CPU.Build.0 = Release|Any CPU
		{C1670113-FEA2-4765-92D3-5EFD86BA1D2D}.Staging|Any CPU.ActiveCfg = Debug|Any CPU
		{C1670113-FEA2-4765-92D3-5EFD86BA1D2D}.Staging|Any CPU.Build.0 = Debug|Any CPU
		{C1670113-FEA2-4765-92D3-5EFD86BA1D2D}.Uat|Any CPU.ActiveCfg = Debug|Any CPU
		{C1670113-FEA2-4765-92D3-5EFD86BA1D2D}.Uat|Any CPU.Build.0 = Debug|Any CPU
		{FDDB3692-837E-4337-B4D3-2BAD4774307E}.Aws|Any CPU.ActiveCfg = Debug|Any CPU
		{FDDB3692-837E-4337-B4D3-2BAD4774307E}.Aws|Any CPU.Build.0 = Debug|Any CPU
		{FDDB3692-837E-4337-B4D3-2BAD4774307E}.Debug|Any CPU.ActiveCfg = Debug|Any CPU
		{FDDB3692-837E-4337-B4D3-2BAD4774307E}.Debug|Any CPU.Build.0 = Debug|Any CPU
		{FDDB3692-837E-4337-B4D3-2BAD4774307E}.Production|Any CPU.ActiveCfg = Debug|Any CPU
		{FDDB3692-837E-4337-B4D3-2BAD4774307E}.Production|Any CPU.Build.0 = Debug|Any CPU
		{FDDB3692-837E-4337-B4D3-2BAD4774307E}.Release|Any CPU.ActiveCfg = Release|Any CPU
		{FDDB3692-837E-4337-B4D3-2BAD4774307E}.Release|Any CPU.Build.0 = Release|Any CPU
		{FDDB3692-837E-4337-B4D3-2BAD4774307E}.Staging|Any CPU.ActiveCfg = Debug|Any CPU
		{FDDB3692-837E-4337-B4D3-2BAD4774307E}.Staging|Any CPU.Build.0 = Debug|Any CPU
		{FDDB3692-837E-4337-B4D3-2BAD4774307E}.Uat|Any CPU.ActiveCfg = Debug|Any CPU
		{FDDB3692-837E-4337-B4D3-2BAD4774307E}.Uat|Any CPU.Build.0 = Debug|Any CPU
		{846FA165-878E-4BE3-8087-D18765B634E7}.Aws|Any CPU.ActiveCfg = Debug|Any CPU
		{846FA165-878E-4BE3-8087-D18765B634E7}.Aws|Any CPU.Build.0 = Debug|Any CPU
		{846FA165-878E-4BE3-8087-D18765B634E7}.Debug|Any CPU.ActiveCfg = Debug|Any CPU
		{846FA165-878E-4BE3-8087-D18765B634E7}.Debug|Any CPU.Build.0 = Debug|Any CPU
		{846FA165-878E-4BE3-8087-D18765B634E7}.Production|Any CPU.ActiveCfg = Debug|Any CPU
		{846FA165-878E-4BE3-8087-D18765B634E7}.Production|Any CPU.Build.0 = Debug|Any CPU
		{846FA165-878E-4BE3-8087-D18765B634E7}.Release|Any CPU.ActiveCfg = Release|Any CPU
		{846FA165-878E-4BE3-8087-D18765B634E7}.Release|Any CPU.Build.0 = Release|Any CPU
		{846FA165-878E-4BE3-8087-D18765B634E7}.Staging|Any CPU.ActiveCfg = Debug|Any CPU
		{846FA165-878E-4BE3-8087-D18765B634E7}.Staging|Any CPU.Build.0 = Debug|Any CPU
		{846FA165-878E-4BE3-8087-D18765B634E7}.Uat|Any CPU.ActiveCfg = Debug|Any CPU
		{846FA165-878E-4BE3-8087-D18765B634E7}.Uat|Any CPU.Build.0 = Debug|Any CPU
		{F894B191-B8C5-4111-90F4-AC278FF2A706}.Aws|Any CPU.ActiveCfg = Debug|Any CPU
		{F894B191-B8C5-4111-90F4-AC278FF2A706}.Aws|Any CPU.Build.0 = Debug|Any CPU
		{F894B191-B8C5-4111-90F4-AC278FF2A706}.Debug|Any CPU.ActiveCfg = Debug|Any CPU
		{F894B191-B8C5-4111-90F4-AC278FF2A706}.Debug|Any CPU.Build.0 = Debug|Any CPU
		{F894B191-B8C5-4111-90F4-AC278FF2A706}.Production|Any CPU.ActiveCfg = Debug|Any CPU
		{F894B191-B8C5-4111-90F4-AC278FF2A706}.Production|Any CPU.Build.0 = Debug|Any CPU
		{F894B191-B8C5-4111-90F4-AC278FF2A706}.Release|Any CPU.ActiveCfg = Release|Any CPU
		{F894B191-B8C5-4111-90F4-AC278FF2A706}.Release|Any CPU.Build.0 = Release|Any CPU
		{F894B191-B8C5-4111-90F4-AC278FF2A706}.Staging|Any CPU.ActiveCfg = Debug|Any CPU
		{F894B191-B8C5-4111-90F4-AC278FF2A706}.Staging|Any CPU.Build.0 = Debug|Any CPU
		{F894B191-B8C5-4111-90F4-AC278FF2A706}.Uat|Any CPU.ActiveCfg = Debug|Any CPU
		{F894B191-B8C5-4111-90F4-AC278FF2A706}.Uat|Any CPU.Build.0 = Debug|Any CPU
		{2F9F8F1E-DCF1-483C-9172-88E0B9BE7D46}.Aws|Any CPU.ActiveCfg = Debug|Any CPU
		{2F9F8F1E-DCF1-483C-9172-88E0B9BE7D46}.Aws|Any CPU.Build.0 = Debug|Any CPU
		{2F9F8F1E-DCF1-483C-9172-88E0B9BE7D46}.Debug|Any CPU.ActiveCfg = Debug|Any CPU
		{2F9F8F1E-DCF1-483C-9172-88E0B9BE7D46}.Debug|Any CPU.Build.0 = Debug|Any CPU
		{2F9F8F1E-DCF1-483C-9172-88E0B9BE7D46}.Production|Any CPU.ActiveCfg = Debug|Any CPU
		{2F9F8F1E-DCF1-483C-9172-88E0B9BE7D46}.Production|Any CPU.Build.0 = Debug|Any CPU
		{2F9F8F1E-DCF1-483C-9172-88E0B9BE7D46}.Release|Any CPU.ActiveCfg = Release|Any CPU
		{2F9F8F1E-DCF1-483C-9172-88E0B9BE7D46}.Release|Any CPU.Build.0 = Release|Any CPU
		{2F9F8F1E-DCF1-483C-9172-88E0B9BE7D46}.Staging|Any CPU.ActiveCfg = Debug|Any CPU
		{2F9F8F1E-DCF1-483C-9172-88E0B9BE7D46}.Staging|Any CPU.Build.0 = Debug|Any CPU
		{2F9F8F1E-DCF1-483C-9172-88E0B9BE7D46}.Uat|Any CPU.ActiveCfg = Debug|Any CPU
		{2F9F8F1E-DCF1-483C-9172-88E0B9BE7D46}.Uat|Any CPU.Build.0 = Debug|Any CPU
		{73FF4524-F958-4B0C-A9EC-DEFA6CD4E336}.Aws|Any CPU.ActiveCfg = Debug|Any CPU
		{73FF4524-F958-4B0C-A9EC-DEFA6CD4E336}.Aws|Any CPU.Build.0 = Debug|Any CPU
		{73FF4524-F958-4B0C-A9EC-DEFA6CD4E336}.Debug|Any CPU.ActiveCfg = Debug|Any CPU
		{73FF4524-F958-4B0C-A9EC-DEFA6CD4E336}.Debug|Any CPU.Build.0 = Debug|Any CPU
		{73FF4524-F958-4B0C-A9EC-DEFA6CD4E336}.Production|Any CPU.ActiveCfg = Debug|Any CPU
		{73FF4524-F958-4B0C-A9EC-DEFA6CD4E336}.Production|Any CPU.Build.0 = Debug|Any CPU
		{73FF4524-F958-4B0C-A9EC-DEFA6CD4E336}.Release|Any CPU.ActiveCfg = Release|Any CPU
		{73FF4524-F958-4B0C-A9EC-DEFA6CD4E336}.Release|Any CPU.Build.0 = Release|Any CPU
		{73FF4524-F958-4B0C-A9EC-DEFA6CD4E336}.Staging|Any CPU.ActiveCfg = Debug|Any CPU
		{73FF4524-F958-4B0C-A9EC-DEFA6CD4E336}.Staging|Any CPU.Build.0 = Debug|Any CPU
		{73FF4524-F958-4B0C-A9EC-DEFA6CD4E336}.Uat|Any CPU.ActiveCfg = Debug|Any CPU
		{73FF4524-F958-4B0C-A9EC-DEFA6CD4E336}.Uat|Any CPU.Build.0 = Debug|Any CPU
		{0878CDA9-D9A7-4660-B64F-DEB8048B726F}.Aws|Any CPU.ActiveCfg = Debug|Any CPU
		{0878CDA9-D9A7-4660-B64F-DEB8048B726F}.Aws|Any CPU.Build.0 = Debug|Any CPU
		{0878CDA9-D9A7-4660-B64F-DEB8048B726F}.Debug|Any CPU.ActiveCfg = Debug|Any CPU
		{0878CDA9-D9A7-4660-B64F-DEB8048B726F}.Debug|Any CPU.Build.0 = Debug|Any CPU
		{0878CDA9-D9A7-4660-B64F-DEB8048B726F}.Production|Any CPU.ActiveCfg = Debug|Any CPU
		{0878CDA9-D9A7-4660-B64F-DEB8048B726F}.Production|Any CPU.Build.0 = Debug|Any CPU
		{0878CDA9-D9A7-4660-B64F-DEB8048B726F}.Release|Any CPU.ActiveCfg = Release|Any CPU
		{0878CDA9-D9A7-4660-B64F-DEB8048B726F}.Release|Any CPU.Build.0 = Release|Any CPU
		{0878CDA9-D9A7-4660-B64F-DEB8048B726F}.Staging|Any CPU.ActiveCfg = Debug|Any CPU
		{0878CDA9-D9A7-4660-B64F-DEB8048B726F}.Staging|Any CPU.Build.0 = Debug|Any CPU
		{0878CDA9-D9A7-4660-B64F-DEB8048B726F}.Uat|Any CPU.ActiveCfg = Debug|Any CPU
		{0878CDA9-D9A7-4660-B64F-DEB8048B726F}.Uat|Any CPU.Build.0 = Debug|Any CPU
		{A0BA4D4D-4566-4F79-B240-C55822360CE2}.Aws|Any CPU.ActiveCfg = Debug|Any CPU
		{A0BA4D4D-4566-4F79-B240-C55822360CE2}.Aws|Any CPU.Build.0 = Debug|Any CPU
		{A0BA4D4D-4566-4F79-B240-C55822360CE2}.Debug|Any CPU.ActiveCfg = Debug|Any CPU
		{A0BA4D4D-4566-4F79-B240-C55822360CE2}.Debug|Any CPU.Build.0 = Debug|Any CPU
		{A0BA4D4D-4566-4F79-B240-C55822360CE2}.Production|Any CPU.ActiveCfg = Debug|Any CPU
		{A0BA4D4D-4566-4F79-B240-C55822360CE2}.Production|Any CPU.Build.0 = Debug|Any CPU
		{A0BA4D4D-4566-4F79-B240-C55822360CE2}.Release|Any CPU.ActiveCfg = Release|Any CPU
		{A0BA4D4D-4566-4F79-B240-C55822360CE2}.Release|Any CPU.Build.0 = Release|Any CPU
		{A0BA4D4D-4566-4F79-B240-C55822360CE2}.Staging|Any CPU.ActiveCfg = Debug|Any CPU
		{A0BA4D4D-4566-4F79-B240-C55822360CE2}.Staging|Any CPU.Build.0 = Debug|Any CPU
		{A0BA4D4D-4566-4F79-B240-C55822360CE2}.Uat|Any CPU.ActiveCfg = Debug|Any CPU
		{A0BA4D4D-4566-4F79-B240-C55822360CE2}.Uat|Any CPU.Build.0 = Debug|Any CPU
		{A8E3F537-A7E9-41E1-B183-EC5B0526DF67}.Aws|Any CPU.ActiveCfg = Debug|Any CPU
		{A8E3F537-A7E9-41E1-B183-EC5B0526DF67}.Aws|Any CPU.Build.0 = Debug|Any CPU
		{A8E3F537-A7E9-41E1-B183-EC5B0526DF67}.Debug|Any CPU.ActiveCfg = Debug|Any CPU
		{A8E3F537-A7E9-41E1-B183-EC5B0526DF67}.Debug|Any CPU.Build.0 = Debug|Any CPU
		{A8E3F537-A7E9-41E1-B183-EC5B0526DF67}.Production|Any CPU.ActiveCfg = Debug|Any CPU
		{A8E3F537-A7E9-41E1-B183-EC5B0526DF67}.Production|Any CPU.Build.0 = Debug|Any CPU
		{A8E3F537-A7E9-41E1-B183-EC5B0526DF67}.Release|Any CPU.ActiveCfg = Release|Any CPU
		{A8E3F537-A7E9-41E1-B183-EC5B0526DF67}.Release|Any CPU.Build.0 = Release|Any CPU
		{A8E3F537-A7E9-41E1-B183-EC5B0526DF67}.Staging|Any CPU.ActiveCfg = Debug|Any CPU
		{A8E3F537-A7E9-41E1-B183-EC5B0526DF67}.Staging|Any CPU.Build.0 = Debug|Any CPU
		{A8E3F537-A7E9-41E1-B183-EC5B0526DF67}.Uat|Any CPU.ActiveCfg = Debug|Any CPU
		{A8E3F537-A7E9-41E1-B183-EC5B0526DF67}.Uat|Any CPU.Build.0 = Debug|Any CPU
		{22539FA4-8DED-4A22-AFA6-6F760AF13A1A}.Aws|Any CPU.ActiveCfg = Debug|Any CPU
		{22539FA4-8DED-4A22-AFA6-6F760AF13A1A}.Aws|Any CPU.Build.0 = Debug|Any CPU
		{22539FA4-8DED-4A22-AFA6-6F760AF13A1A}.Debug|Any CPU.ActiveCfg = Debug|Any CPU
		{22539FA4-8DED-4A22-AFA6-6F760AF13A1A}.Debug|Any CPU.Build.0 = Debug|Any CPU
		{22539FA4-8DED-4A22-AFA6-6F760AF13A1A}.Production|Any CPU.ActiveCfg = Debug|Any CPU
		{22539FA4-8DED-4A22-AFA6-6F760AF13A1A}.Production|Any CPU.Build.0 = Debug|Any CPU
		{22539FA4-8DED-4A22-AFA6-6F760AF13A1A}.Release|Any CPU.ActiveCfg = Release|Any CPU
		{22539FA4-8DED-4A22-AFA6-6F760AF13A1A}.Release|Any CPU.Build.0 = Release|Any CPU
		{22539FA4-8DED-4A22-AFA6-6F760AF13A1A}.Staging|Any CPU.ActiveCfg = Debug|Any CPU
		{22539FA4-8DED-4A22-AFA6-6F760AF13A1A}.Staging|Any CPU.Build.0 = Debug|Any CPU
		{22539FA4-8DED-4A22-AFA6-6F760AF13A1A}.Uat|Any CPU.ActiveCfg = Debug|Any CPU
		{22539FA4-8DED-4A22-AFA6-6F760AF13A1A}.Uat|Any CPU.Build.0 = Debug|Any CPU
		{B72FC391-80F7-469D-A925-17ADBED32809}.Aws|Any CPU.ActiveCfg = Debug|Any CPU
		{B72FC391-80F7-469D-A925-17ADBED32809}.Aws|Any CPU.Build.0 = Debug|Any CPU
		{B72FC391-80F7-469D-A925-17ADBED32809}.Debug|Any CPU.ActiveCfg = Debug|Any CPU
		{B72FC391-80F7-469D-A925-17ADBED32809}.Debug|Any CPU.Build.0 = Debug|Any CPU
		{B72FC391-80F7-469D-A925-17ADBED32809}.Production|Any CPU.ActiveCfg = Debug|Any CPU
		{B72FC391-80F7-469D-A925-17ADBED32809}.Production|Any CPU.Build.0 = Debug|Any CPU
		{B72FC391-80F7-469D-A925-17ADBED32809}.Release|Any CPU.ActiveCfg = Release|Any CPU
		{B72FC391-80F7-469D-A925-17ADBED32809}.Release|Any CPU.Build.0 = Release|Any CPU
		{B72FC391-80F7-469D-A925-17ADBED32809}.Staging|Any CPU.ActiveCfg = Debug|Any CPU
		{B72FC391-80F7-469D-A925-17ADBED32809}.Staging|Any CPU.Build.0 = Debug|Any CPU
		{B72FC391-80F7-469D-A925-17ADBED32809}.Uat|Any CPU.ActiveCfg = Debug|Any CPU
		{B72FC391-80F7-469D-A925-17ADBED32809}.Uat|Any CPU.Build.0 = Debug|Any CPU
		{06C1283C-1291-4454-A6C9-51F224973D5A}.Aws|Any CPU.ActiveCfg = Debug|Any CPU
		{06C1283C-1291-4454-A6C9-51F224973D5A}.Aws|Any CPU.Build.0 = Debug|Any CPU
		{06C1283C-1291-4454-A6C9-51F224973D5A}.Debug|Any CPU.ActiveCfg = Debug|Any CPU
		{06C1283C-1291-4454-A6C9-51F224973D5A}.Debug|Any CPU.Build.0 = Debug|Any CPU
		{06C1283C-1291-4454-A6C9-51F224973D5A}.Production|Any CPU.ActiveCfg = Debug|Any CPU
		{06C1283C-1291-4454-A6C9-51F224973D5A}.Production|Any CPU.Build.0 = Debug|Any CPU
		{06C1283C-1291-4454-A6C9-51F224973D5A}.Release|Any CPU.ActiveCfg = Release|Any CPU
		{06C1283C-1291-4454-A6C9-51F224973D5A}.Release|Any CPU.Build.0 = Release|Any CPU
		{06C1283C-1291-4454-A6C9-51F224973D5A}.Staging|Any CPU.ActiveCfg = Debug|Any CPU
		{06C1283C-1291-4454-A6C9-51F224973D5A}.Staging|Any CPU.Build.0 = Debug|Any CPU
		{06C1283C-1291-4454-A6C9-51F224973D5A}.Uat|Any CPU.ActiveCfg = Debug|Any CPU
		{06C1283C-1291-4454-A6C9-51F224973D5A}.Uat|Any CPU.Build.0 = Debug|Any CPU
		{532DEB4C-BA4A-4F4D-85FA-513F7F19D67F}.Aws|Any CPU.ActiveCfg = Debug|Any CPU
		{532DEB4C-BA4A-4F4D-85FA-513F7F19D67F}.Aws|Any CPU.Build.0 = Debug|Any CPU
		{532DEB4C-BA4A-4F4D-85FA-513F7F19D67F}.Debug|Any CPU.ActiveCfg = Debug|Any CPU
		{532DEB4C-BA4A-4F4D-85FA-513F7F19D67F}.Debug|Any CPU.Build.0 = Debug|Any CPU
		{532DEB4C-BA4A-4F4D-85FA-513F7F19D67F}.Production|Any CPU.ActiveCfg = Debug|Any CPU
		{532DEB4C-BA4A-4F4D-85FA-513F7F19D67F}.Production|Any CPU.Build.0 = Debug|Any CPU
		{532DEB4C-BA4A-4F4D-85FA-513F7F19D67F}.Release|Any CPU.ActiveCfg = Release|Any CPU
		{532DEB4C-BA4A-4F4D-85FA-513F7F19D67F}.Release|Any CPU.Build.0 = Release|Any CPU
		{532DEB4C-BA4A-4F4D-85FA-513F7F19D67F}.Staging|Any CPU.ActiveCfg = Debug|Any CPU
		{532DEB4C-BA4A-4F4D-85FA-513F7F19D67F}.Staging|Any CPU.Build.0 = Debug|Any CPU
		{532DEB4C-BA4A-4F4D-85FA-513F7F19D67F}.Uat|Any CPU.ActiveCfg = Debug|Any CPU
		{532DEB4C-BA4A-4F4D-85FA-513F7F19D67F}.Uat|Any CPU.Build.0 = Debug|Any CPU
		{54B3EE4C-46E2-4737-954A-8A4D18395693}.Aws|Any CPU.ActiveCfg = Debug|Any CPU
		{54B3EE4C-46E2-4737-954A-8A4D18395693}.Aws|Any CPU.Build.0 = Debug|Any CPU
		{54B3EE4C-46E2-4737-954A-8A4D18395693}.Debug|Any CPU.ActiveCfg = Debug|Any CPU
		{54B3EE4C-46E2-4737-954A-8A4D18395693}.Debug|Any CPU.Build.0 = Debug|Any CPU
		{54B3EE4C-46E2-4737-954A-8A4D18395693}.Production|Any CPU.ActiveCfg = Debug|Any CPU
		{54B3EE4C-46E2-4737-954A-8A4D18395693}.Production|Any CPU.Build.0 = Debug|Any CPU
		{54B3EE4C-46E2-4737-954A-8A4D18395693}.Release|Any CPU.ActiveCfg = Release|Any CPU
		{54B3EE4C-46E2-4737-954A-8A4D18395693}.Release|Any CPU.Build.0 = Release|Any CPU
		{54B3EE4C-46E2-4737-954A-8A4D18395693}.Staging|Any CPU.ActiveCfg = Debug|Any CPU
		{54B3EE4C-46E2-4737-954A-8A4D18395693}.Staging|Any CPU.Build.0 = Debug|Any CPU
		{54B3EE4C-46E2-4737-954A-8A4D18395693}.Uat|Any CPU.ActiveCfg = Debug|Any CPU
		{54B3EE4C-46E2-4737-954A-8A4D18395693}.Uat|Any CPU.Build.0 = Debug|Any CPU
		{76C4CFD9-F686-4088-86D3-A83BDF8CBE41}.Aws|Any CPU.ActiveCfg = Debug|Any CPU
		{76C4CFD9-F686-4088-86D3-A83BDF8CBE41}.Aws|Any CPU.Build.0 = Debug|Any CPU
		{76C4CFD9-F686-4088-86D3-A83BDF8CBE41}.Debug|Any CPU.ActiveCfg = Debug|Any CPU
		{76C4CFD9-F686-4088-86D3-A83BDF8CBE41}.Debug|Any CPU.Build.0 = Debug|Any CPU
		{76C4CFD9-F686-4088-86D3-A83BDF8CBE41}.Production|Any CPU.ActiveCfg = Debug|Any CPU
		{76C4CFD9-F686-4088-86D3-A83BDF8CBE41}.Production|Any CPU.Build.0 = Debug|Any CPU
		{76C4CFD9-F686-4088-86D3-A83BDF8CBE41}.Release|Any CPU.ActiveCfg = Release|Any CPU
		{76C4CFD9-F686-4088-86D3-A83BDF8CBE41}.Release|Any CPU.Build.0 = Release|Any CPU
		{76C4CFD9-F686-4088-86D3-A83BDF8CBE41}.Staging|Any CPU.ActiveCfg = Debug|Any CPU
		{76C4CFD9-F686-4088-86D3-A83BDF8CBE41}.Staging|Any CPU.Build.0 = Debug|Any CPU
		{76C4CFD9-F686-4088-86D3-A83BDF8CBE41}.Uat|Any CPU.ActiveCfg = Debug|Any CPU
		{76C4CFD9-F686-4088-86D3-A83BDF8CBE41}.Uat|Any CPU.Build.0 = Debug|Any CPU
		{DEEA1A57-4B6B-4189-B09F-18A924322E77}.Aws|Any CPU.ActiveCfg = Debug|Any CPU
		{DEEA1A57-4B6B-4189-B09F-18A924322E77}.Aws|Any CPU.Build.0 = Debug|Any CPU
		{DEEA1A57-4B6B-4189-B09F-18A924322E77}.Debug|Any CPU.ActiveCfg = Debug|Any CPU
		{DEEA1A57-4B6B-4189-B09F-18A924322E77}.Debug|Any CPU.Build.0 = Debug|Any CPU
		{DEEA1A57-4B6B-4189-B09F-18A924322E77}.Production|Any CPU.ActiveCfg = Debug|Any CPU
		{DEEA1A57-4B6B-4189-B09F-18A924322E77}.Production|Any CPU.Build.0 = Debug|Any CPU
		{DEEA1A57-4B6B-4189-B09F-18A924322E77}.Release|Any CPU.ActiveCfg = Release|Any CPU
		{DEEA1A57-4B6B-4189-B09F-18A924322E77}.Release|Any CPU.Build.0 = Release|Any CPU
		{DEEA1A57-4B6B-4189-B09F-18A924322E77}.Staging|Any CPU.ActiveCfg = Debug|Any CPU
		{DEEA1A57-4B6B-4189-B09F-18A924322E77}.Staging|Any CPU.Build.0 = Debug|Any CPU
		{DEEA1A57-4B6B-4189-B09F-18A924322E77}.Uat|Any CPU.ActiveCfg = Debug|Any CPU
		{DEEA1A57-4B6B-4189-B09F-18A924322E77}.Uat|Any CPU.Build.0 = Debug|Any CPU
		{4EF5F38B-CC15-475D-BB04-54EE66F0FD3C}.Aws|Any CPU.ActiveCfg = Debug|Any CPU
		{4EF5F38B-CC15-475D-BB04-54EE66F0FD3C}.Aws|Any CPU.Build.0 = Debug|Any CPU
		{4EF5F38B-CC15-475D-BB04-54EE66F0FD3C}.Debug|Any CPU.ActiveCfg = Debug|Any CPU
		{4EF5F38B-CC15-475D-BB04-54EE66F0FD3C}.Debug|Any CPU.Build.0 = Debug|Any CPU
		{4EF5F38B-CC15-475D-BB04-54EE66F0FD3C}.Production|Any CPU.ActiveCfg = Debug|Any CPU
		{4EF5F38B-CC15-475D-BB04-54EE66F0FD3C}.Production|Any CPU.Build.0 = Debug|Any CPU
		{4EF5F38B-CC15-475D-BB04-54EE66F0FD3C}.Release|Any CPU.ActiveCfg = Release|Any CPU
		{4EF5F38B-CC15-475D-BB04-54EE66F0FD3C}.Release|Any CPU.Build.0 = Release|Any CPU
		{4EF5F38B-CC15-475D-BB04-54EE66F0FD3C}.Staging|Any CPU.ActiveCfg = Debug|Any CPU
		{4EF5F38B-CC15-475D-BB04-54EE66F0FD3C}.Staging|Any CPU.Build.0 = Debug|Any CPU
		{4EF5F38B-CC15-475D-BB04-54EE66F0FD3C}.Uat|Any CPU.ActiveCfg = Debug|Any CPU
		{4EF5F38B-CC15-475D-BB04-54EE66F0FD3C}.Uat|Any CPU.Build.0 = Debug|Any CPU
		{67EA7D2F-AD17-4AC9-A48D-FAE628A76219}.Aws|Any CPU.ActiveCfg = Debug|Any CPU
		{67EA7D2F-AD17-4AC9-A48D-FAE628A76219}.Aws|Any CPU.Build.0 = Debug|Any CPU
		{67EA7D2F-AD17-4AC9-A48D-FAE628A76219}.Debug|Any CPU.ActiveCfg = Debug|Any CPU
		{67EA7D2F-AD17-4AC9-A48D-FAE628A76219}.Debug|Any CPU.Build.0 = Debug|Any CPU
		{67EA7D2F-AD17-4AC9-A48D-FAE628A76219}.Production|Any CPU.ActiveCfg = Debug|Any CPU
		{67EA7D2F-AD17-4AC9-A48D-FAE628A76219}.Production|Any CPU.Build.0 = Debug|Any CPU
		{67EA7D2F-AD17-4AC9-A48D-FAE628A76219}.Release|Any CPU.ActiveCfg = Release|Any CPU
		{67EA7D2F-AD17-4AC9-A48D-FAE628A76219}.Release|Any CPU.Build.0 = Release|Any CPU
		{67EA7D2F-AD17-4AC9-A48D-FAE628A76219}.Staging|Any CPU.ActiveCfg = Debug|Any CPU
		{67EA7D2F-AD17-4AC9-A48D-FAE628A76219}.Staging|Any CPU.Build.0 = Debug|Any CPU
		{67EA7D2F-AD17-4AC9-A48D-FAE628A76219}.Uat|Any CPU.ActiveCfg = Debug|Any CPU
		{67EA7D2F-AD17-4AC9-A48D-FAE628A76219}.Uat|Any CPU.Build.0 = Debug|Any CPU
		{94ED5633-BAB0-4811-AB4E-78573D76C47C}.Aws|Any CPU.ActiveCfg = Debug|Any CPU
		{94ED5633-BAB0-4811-AB4E-78573D76C47C}.Aws|Any CPU.Build.0 = Debug|Any CPU
		{94ED5633-BAB0-4811-AB4E-78573D76C47C}.Debug|Any CPU.ActiveCfg = Debug|Any CPU
		{94ED5633-BAB0-4811-AB4E-78573D76C47C}.Debug|Any CPU.Build.0 = Debug|Any CPU
		{94ED5633-BAB0-4811-AB4E-78573D76C47C}.Production|Any CPU.ActiveCfg = Debug|Any CPU
		{94ED5633-BAB0-4811-AB4E-78573D76C47C}.Production|Any CPU.Build.0 = Debug|Any CPU
		{94ED5633-BAB0-4811-AB4E-78573D76C47C}.Release|Any CPU.ActiveCfg = Release|Any CPU
		{94ED5633-BAB0-4811-AB4E-78573D76C47C}.Release|Any CPU.Build.0 = Release|Any CPU
		{94ED5633-BAB0-4811-AB4E-78573D76C47C}.Staging|Any CPU.ActiveCfg = Debug|Any CPU
		{94ED5633-BAB0-4811-AB4E-78573D76C47C}.Staging|Any CPU.Build.0 = Debug|Any CPU
		{94ED5633-BAB0-4811-AB4E-78573D76C47C}.Uat|Any CPU.ActiveCfg = Debug|Any CPU
		{94ED5633-BAB0-4811-AB4E-78573D76C47C}.Uat|Any CPU.Build.0 = Debug|Any CPU
		{7F8C43FE-1A7D-4527-98CC-ABA1ED84BCE3}.Aws|Any CPU.ActiveCfg = Debug|Any CPU
		{7F8C43FE-1A7D-4527-98CC-ABA1ED84BCE3}.Aws|Any CPU.Build.0 = Debug|Any CPU
		{7F8C43FE-1A7D-4527-98CC-ABA1ED84BCE3}.Debug|Any CPU.ActiveCfg = Debug|Any CPU
		{7F8C43FE-1A7D-4527-98CC-ABA1ED84BCE3}.Debug|Any CPU.Build.0 = Debug|Any CPU
		{7F8C43FE-1A7D-4527-98CC-ABA1ED84BCE3}.Production|Any CPU.ActiveCfg = Debug|Any CPU
		{7F8C43FE-1A7D-4527-98CC-ABA1ED84BCE3}.Production|Any CPU.Build.0 = Debug|Any CPU
		{7F8C43FE-1A7D-4527-98CC-ABA1ED84BCE3}.Release|Any CPU.ActiveCfg = Release|Any CPU
		{7F8C43FE-1A7D-4527-98CC-ABA1ED84BCE3}.Release|Any CPU.Build.0 = Release|Any CPU
		{7F8C43FE-1A7D-4527-98CC-ABA1ED84BCE3}.Staging|Any CPU.ActiveCfg = Debug|Any CPU
		{7F8C43FE-1A7D-4527-98CC-ABA1ED84BCE3}.Staging|Any CPU.Build.0 = Debug|Any CPU
		{7F8C43FE-1A7D-4527-98CC-ABA1ED84BCE3}.Uat|Any CPU.ActiveCfg = Debug|Any CPU
		{7F8C43FE-1A7D-4527-98CC-ABA1ED84BCE3}.Uat|Any CPU.Build.0 = Debug|Any CPU
		{E1C16757-F61C-41E9-A119-01D4BC532281}.Aws|Any CPU.ActiveCfg = Debug|Any CPU
		{E1C16757-F61C-41E9-A119-01D4BC532281}.Aws|Any CPU.Build.0 = Debug|Any CPU
		{E1C16757-F61C-41E9-A119-01D4BC532281}.Debug|Any CPU.ActiveCfg = Debug|Any CPU
		{E1C16757-F61C-41E9-A119-01D4BC532281}.Debug|Any CPU.Build.0 = Debug|Any CPU
		{E1C16757-F61C-41E9-A119-01D4BC532281}.Production|Any CPU.ActiveCfg = Debug|Any CPU
		{E1C16757-F61C-41E9-A119-01D4BC532281}.Production|Any CPU.Build.0 = Debug|Any CPU
		{E1C16757-F61C-41E9-A119-01D4BC532281}.Release|Any CPU.ActiveCfg = Release|Any CPU
		{E1C16757-F61C-41E9-A119-01D4BC532281}.Release|Any CPU.Build.0 = Release|Any CPU
		{E1C16757-F61C-41E9-A119-01D4BC532281}.Staging|Any CPU.ActiveCfg = Debug|Any CPU
		{E1C16757-F61C-41E9-A119-01D4BC532281}.Staging|Any CPU.Build.0 = Debug|Any CPU
		{E1C16757-F61C-41E9-A119-01D4BC532281}.Uat|Any CPU.ActiveCfg = Debug|Any CPU
		{E1C16757-F61C-41E9-A119-01D4BC532281}.Uat|Any CPU.Build.0 = Debug|Any CPU
		{D55451A9-F402-4700-9E80-064C7CB0598D}.Aws|Any CPU.ActiveCfg = Debug|Any CPU
		{D55451A9-F402-4700-9E80-064C7CB0598D}.Aws|Any CPU.Build.0 = Debug|Any CPU
		{D55451A9-F402-4700-9E80-064C7CB0598D}.Debug|Any CPU.ActiveCfg = Debug|Any CPU
		{D55451A9-F402-4700-9E80-064C7CB0598D}.Debug|Any CPU.Build.0 = Debug|Any CPU
		{D55451A9-F402-4700-9E80-064C7CB0598D}.Production|Any CPU.ActiveCfg = Debug|Any CPU
		{D55451A9-F402-4700-9E80-064C7CB0598D}.Production|Any CPU.Build.0 = Debug|Any CPU
		{D55451A9-F402-4700-9E80-064C7CB0598D}.Release|Any CPU.ActiveCfg = Release|Any CPU
		{D55451A9-F402-4700-9E80-064C7CB0598D}.Release|Any CPU.Build.0 = Release|Any CPU
		{D55451A9-F402-4700-9E80-064C7CB0598D}.Staging|Any CPU.ActiveCfg = Debug|Any CPU
		{D55451A9-F402-4700-9E80-064C7CB0598D}.Staging|Any CPU.Build.0 = Debug|Any CPU
		{D55451A9-F402-4700-9E80-064C7CB0598D}.Uat|Any CPU.ActiveCfg = Debug|Any CPU
		{D55451A9-F402-4700-9E80-064C7CB0598D}.Uat|Any CPU.Build.0 = Debug|Any CPU
	EndGlobalSection
	GlobalSection(SolutionProperties) = preSolution
		HideSolutionNode = FALSE
	EndGlobalSection
	GlobalSection(NestedProjects) = preSolution
		{EBE6364C-744F-4F98-A1AA-161F36F8CBD3} = {68240CBE-CA2C-4A77-981B-1934C2F6C95E}
		{33AA5A2E-9343-4BFC-B825-E747A468248D} = {68240CBE-CA2C-4A77-981B-1934C2F6C95E}
		{5A14A9B0-29EE-4D11-91CB-FD152D5D55FF} = {68240CBE-CA2C-4A77-981B-1934C2F6C95E}
		{F0988B39-E94C-495F-A995-E6E439A730E5} = {68240CBE-CA2C-4A77-981B-1934C2F6C95E}
		{EBAD1112-F1EE-4EAF-8587-69248CE0D888} = {68240CBE-CA2C-4A77-981B-1934C2F6C95E}
		{EFABA52F-19E7-4D89-A154-A4CE3D46C515} = {68240CBE-CA2C-4A77-981B-1934C2F6C95E}
		{88EAFE5C-9520-4586-8FD4-94FD8FAED6A1} = {68240CBE-CA2C-4A77-981B-1934C2F6C95E}
		{30E27A42-DAFF-49C9-BA3F-8F8215E2FCDE} = {68240CBE-CA2C-4A77-981B-1934C2F6C95E}
		{F761CD0E-DA2B-4A81-938A-236C87815032} = {68240CBE-CA2C-4A77-981B-1934C2F6C95E}
		{A51D5F52-EB44-4D91-8E89-05F15F0AD394} = {68240CBE-CA2C-4A77-981B-1934C2F6C95E}
		{CADBD26E-4A36-4250-9AE1-44BB6D9F4EEB} = {68240CBE-CA2C-4A77-981B-1934C2F6C95E}
		{C1670113-FEA2-4765-92D3-5EFD86BA1D2D} = {68240CBE-CA2C-4A77-981B-1934C2F6C95E}
		{FDDB3692-837E-4337-B4D3-2BAD4774307E} = {68240CBE-CA2C-4A77-981B-1934C2F6C95E}
		{846FA165-878E-4BE3-8087-D18765B634E7} = {68240CBE-CA2C-4A77-981B-1934C2F6C95E}
		{F894B191-B8C5-4111-90F4-AC278FF2A706} = {68240CBE-CA2C-4A77-981B-1934C2F6C95E}
		{73FF4524-F958-4B0C-A9EC-DEFA6CD4E336} = {68240CBE-CA2C-4A77-981B-1934C2F6C95E}
		{0878CDA9-D9A7-4660-B64F-DEB8048B726F} = {68240CBE-CA2C-4A77-981B-1934C2F6C95E}
		{A0BA4D4D-4566-4F79-B240-C55822360CE2} = {68240CBE-CA2C-4A77-981B-1934C2F6C95E}
		{A8E3F537-A7E9-41E1-B183-EC5B0526DF67} = {68240CBE-CA2C-4A77-981B-1934C2F6C95E}
		{22539FA4-8DED-4A22-AFA6-6F760AF13A1A} = {68240CBE-CA2C-4A77-981B-1934C2F6C95E}
		{B72FC391-80F7-469D-A925-17ADBED32809} = {68240CBE-CA2C-4A77-981B-1934C2F6C95E}
		{06C1283C-1291-4454-A6C9-51F224973D5A} = {68240CBE-CA2C-4A77-981B-1934C2F6C95E}
		{532DEB4C-BA4A-4F4D-85FA-513F7F19D67F} = {68240CBE-CA2C-4A77-981B-1934C2F6C95E}
		{54B3EE4C-46E2-4737-954A-8A4D18395693} = {68240CBE-CA2C-4A77-981B-1934C2F6C95E}
		{76C4CFD9-F686-4088-86D3-A83BDF8CBE41} = {68240CBE-CA2C-4A77-981B-1934C2F6C95E}
		{DEEA1A57-4B6B-4189-B09F-18A924322E77} = {68240CBE-CA2C-4A77-981B-1934C2F6C95E}
		{4EF5F38B-CC15-475D-BB04-54EE66F0FD3C} = {68240CBE-CA2C-4A77-981B-1934C2F6C95E}
		{67EA7D2F-AD17-4AC9-A48D-FAE628A76219} = {68240CBE-CA2C-4A77-981B-1934C2F6C95E}
		{94ED5633-BAB0-4811-AB4E-78573D76C47C} = {68240CBE-CA2C-4A77-981B-1934C2F6C95E}
		{7F8C43FE-1A7D-4527-98CC-ABA1ED84BCE3} = {68240CBE-CA2C-4A77-981B-1934C2F6C95E}
		{E1C16757-F61C-41E9-A119-01D4BC532281} = {68240CBE-CA2C-4A77-981B-1934C2F6C95E}
		{D55451A9-F402-4700-9E80-064C7CB0598D} = {68240CBE-CA2C-4A77-981B-1934C2F6C95E}
	EndGlobalSection
	GlobalSection(ExtensibilityGlobals) = postSolution
		SolutionGuid = {541DCCCB-1CE9-4AA0-96EE-AAFE4ACCE435}
	EndGlobalSection
EndGlobal
